
Microsoft Visual Studio Solution File, Format Version 12.00
# Visual Studio Version 16
VisualStudioVersion = 16.0.31229.75
MinimumVisualStudioVersion = 10.0.40219.1
Project("{9A19103F-16F7-4668-BE54-9A1E7A4F7556}") = "FancyCalculator", "FancyCalculator\FancyCalculator.csproj", "{0C6B7B6D-44F1-4B09-9EC0-CFF6BABFCF55}"
EndProject
Project("{2150E333-8FDC-42A3-9474-1A3956D46DE8}") = "Solution Items", "Solution Items", "{271BF3C1-079A-4DDE-A687-0E7C28B0581D}"
	ProjectSection(SolutionItems) = preProject
		.gitignore = .gitignore
	EndProjectSection
EndProject
Project("{9A19103F-16F7-4668-BE54-9A1E7A4F7556}") = "CalculatorCore", "CalculatorCore\CalculatorCore.csproj", "{3603E1BA-965B-4218-B419-D6056822B5BE}"
EndProject
Project("{9A19103F-16F7-4668-BE54-9A1E7A4F7556}") = "TestableCalculatorRunner", "TestableCalculatorRunner\TestableCalculatorRunner.csproj", "{14B822B5-2BF6-4010-98DA-029154EA08DF}"
EndProject
Project("{FAE04EC0-301F-11D3-BF4B-00C04F79EFBC}") = "CalculatorCore.Tests", "CalculatorCore.Tests\CalculatorCore.Tests.csproj", "{AB9FAECC-2D5E-4D64-996C-C6A571943F58}"
EndProject
Global
	GlobalSection(SolutionConfigurationPlatforms) = preSolution
		Debug|Any CPU = Debug|Any CPU
		Release|Any CPU = Release|Any CPU
	EndGlobalSection
	GlobalSection(ProjectConfigurationPlatforms) = postSolution
		{0C6B7B6D-44F1-4B09-9EC0-CFF6BABFCF55}.Debug|Any CPU.ActiveCfg = Debug|Any CPU
		{0C6B7B6D-44F1-4B09-9EC0-CFF6BABFCF55}.Debug|Any CPU.Build.0 = Debug|Any CPU
		{0C6B7B6D-44F1-4B09-9EC0-CFF6BABFCF55}.Release|Any CPU.ActiveCfg = Release|Any CPU
		{0C6B7B6D-44F1-4B09-9EC0-CFF6BABFCF55}.Release|Any CPU.Build.0 = Release|Any CPU
		{3603E1BA-965B-4218-B419-D6056822B5BE}.Debug|Any CPU.ActiveCfg = Debug|Any CPU
		{3603E1BA-965B-4218-B419-D6056822B5BE}.Debug|Any CPU.Build.0 = Debug|Any CPU
		{3603E1BA-965B-4218-B419-D6056822B5BE}.Release|Any CPU.ActiveCfg = Release|Any CPU
		{3603E1BA-965B-4218-B419-D6056822B5BE}.Release|Any CPU.Build.0 = Release|Any CPU
		{14B822B5-2BF6-4010-98DA-029154EA08DF}.Debug|Any CPU.ActiveCfg = Debug|Any CPU
		{14B822B5-2BF6-4010-98DA-029154EA08DF}.Debug|Any CPU.Build.0 = Debug|Any CPU
		{14B822B5-2BF6-4010-98DA-029154EA08DF}.Release|Any CPU.ActiveCfg = Release|Any CPU
		{14B822B5-2BF6-4010-98DA-029154EA08DF}.Release|Any CPU.Build.0 = Release|Any CPU
		{AB9FAECC-2D5E-4D64-996C-C6A571943F58}.Debug|Any CPU.ActiveCfg = Debug|Any CPU
		{AB9FAECC-2D5E-4D64-996C-C6A571943F58}.Debug|Any CPU.Build.0 = Debug|Any CPU
		{AB9FAECC-2D5E-4D64-996C-C6A571943F58}.Release|Any CPU.ActiveCfg = Release|Any CPU
		{AB9FAECC-2D5E-4D64-996C-C6A571943F58}.Release|Any CPU.Build.0 = Release|Any CPU
	EndGlobalSection
	GlobalSection(SolutionProperties) = preSolution
		HideSolutionNode = FALSE
	EndGlobalSection
	GlobalSection(ExtensibilityGlobals) = postSolution
		SolutionGuid = {AB89A9C9-A3A2-4B8F-ADC5-031489484E0E}
	EndGlobalSection
EndGlobal
